// !$*UTF8*$!
{
	archiveVersion = 1;
	classes = {
	};
	objectVersion = 53;
	objects = {

/* Begin PBXBuildFile section */
		DB3317AA2445AC8B00CC1C0C /* UserDefaultsPropertyWrapper.swift in Sources */ = {isa = PBXBuildFile; fileRef = DB3317A92445AC8B00CC1C0C /* UserDefaultsPropertyWrapper.swift */; };
		DB6F2FDA2444411200C605F6 /* AppDelegate.swift in Sources */ = {isa = PBXBuildFile; fileRef = DB6F2FD92444411200C605F6 /* AppDelegate.swift */; };
		DB6F2FDC2444411200C605F6 /* SwiftUITutorial.swift in Sources */ = {isa = PBXBuildFile; fileRef = DB6F2FDB2444411200C605F6 /* SwiftUITutorial.swift */; };
		DB6F2FDF2444411200C605F6 /* SwiftUITutorial.xcdatamodeld in Sources */ = {isa = PBXBuildFile; fileRef = DB6F2FDD2444411200C605F6 /* SwiftUITutorial.xcdatamodeld */; };
		DB6F2FE12444411400C605F6 /* Assets.xcassets in Resources */ = {isa = PBXBuildFile; fileRef = DB6F2FE02444411400C605F6 /* Assets.xcassets */; };
		DB6F2FE42444411400C605F6 /* Preview Assets.xcassets in Resources */ = {isa = PBXBuildFile; fileRef = DB6F2FE32444411400C605F6 /* Preview Assets.xcassets */; };
		DB6F2FE72444411400C605F6 /* Main.storyboard in Resources */ = {isa = PBXBuildFile; fileRef = DB6F2FE52444411400C605F6 /* Main.storyboard */; };
		DB6F2FF2244441D500C605F6 /* CloudKit.framework in Frameworks */ = {isa = PBXBuildFile; fileRef = DB6F2FF02444417200C605F6 /* CloudKit.framework */; };
		DB6F2FF72444431100C605F6 /* Tutorial.swift in Sources */ = {isa = PBXBuildFile; fileRef = DB6F2FF62444431100C605F6 /* Tutorial.swift */; };
		DB6F2FFA2444DAB600C605F6 /* CloudKitTutorial.swift in Sources */ = {isa = PBXBuildFile; fileRef = DB6F2FF92444DAB600C605F6 /* CloudKitTutorial.swift */; };
		DB6F2FFD2444F44000C605F6 /* AlertID.swift in Sources */ = {isa = PBXBuildFile; fileRef = DB6F2FFC2444F44000C605F6 /* AlertID.swift */; };
		DB6F30012444F81900C605F6 /* Localizable.strings in Resources */ = {isa = PBXBuildFile; fileRef = DB6F2FFF2444F81900C605F6 /* Localizable.strings */; };
		DB7AEDCD24463B5700B1C893 /* SafariView.swift in Sources */ = {isa = PBXBuildFile; fileRef = DB7AEDCC24463B5700B1C893 /* SafariView.swift */; };
/* End PBXBuildFile section */

/* Begin PBXFileReference section */
		DB3317A92445AC8B00CC1C0C /* UserDefaultsPropertyWrapper.swift */ = {isa = PBXFileReference; lastKnownFileType = sourcecode.swift; path = UserDefaultsPropertyWrapper.swift; sourceTree = "<group>"; };
		DB6F2FD62444411200C605F6 /* SwiftUITutorial.app */ = {isa = PBXFileReference; explicitFileType = wrapper.application; includeInIndex = 0; path = SwiftUITutorial.app; sourceTree = BUILT_PRODUCTS_DIR; };
		DB6F2FD92444411200C605F6 /* AppDelegate.swift */ = {isa = PBXFileReference; lastKnownFileType = sourcecode.swift; path = AppDelegate.swift; sourceTree = "<group>"; };
		DB6F2FDB2444411200C605F6 /* SwiftUITutorial.swift */ = {isa = PBXFileReference; lastKnownFileType = sourcecode.swift; path = SwiftUITutorial.swift; sourceTree = "<group>"; };
		DB6F2FDE2444411200C605F6 /* SwiftUITutorial.xcdatamodel */ = {isa = PBXFileReference; lastKnownFileType = wrapper.xcdatamodel; path = SwiftUITutorial.xcdatamodel; sourceTree = "<group>"; };
		DB6F2FE02444411400C605F6 /* Assets.xcassets */ = {isa = PBXFileReference; lastKnownFileType = folder.assetcatalog; path = Assets.xcassets; sourceTree = "<group>"; };
		DB6F2FE32444411400C605F6 /* Preview Assets.xcassets */ = {isa = PBXFileReference; lastKnownFileType = folder.assetcatalog; path = "Preview Assets.xcassets"; sourceTree = "<group>"; };
		DB6F2FE62444411400C605F6 /* Base */ = {isa = PBXFileReference; lastKnownFileType = file.storyboard; name = Base; path = Base.lproj/Main.storyboard; sourceTree = "<group>"; };
		DB6F2FE82444411400C605F6 /* Info.plist */ = {isa = PBXFileReference; lastKnownFileType = text.plist.xml; path = Info.plist; sourceTree = "<group>"; };
		DB6F2FE92444411400C605F6 /* SwiftUITutorial.entitlements */ = {isa = PBXFileReference; lastKnownFileType = text.plist.entitlements; path = SwiftUITutorial.entitlements; sourceTree = "<group>"; };
		DB6F2FF02444417200C605F6 /* CloudKit.framework */ = {isa = PBXFileReference; lastKnownFileType = wrapper.framework; name = CloudKit.framework; path = System/Library/Frameworks/CloudKit.framework; sourceTree = SDKROOT; };
		DB6F2FF62444431100C605F6 /* Tutorial.swift */ = {isa = PBXFileReference; lastKnownFileType = sourcecode.swift; path = Tutorial.swift; sourceTree = "<group>"; };
		DB6F2FF92444DAB600C605F6 /* CloudKitTutorial.swift */ = {isa = PBXFileReference; lastKnownFileType = sourcecode.swift; path = CloudKitTutorial.swift; sourceTree = "<group>"; };
		DB6F2FFC2444F44000C605F6 /* AlertID.swift */ = {isa = PBXFileReference; lastKnownFileType = sourcecode.swift; path = AlertID.swift; sourceTree = "<group>"; };
		DB6F2FFE2444F6A000C605F6 /* nb */ = {isa = PBXFileReference; lastKnownFileType = text.plist.strings; name = nb; path = nb.lproj/Main.strings; sourceTree = "<group>"; };
		DB6F30002444F81900C605F6 /* nb */ = {isa = PBXFileReference; lastKnownFileType = text.plist.strings; name = nb; path = nb.lproj/Localizable.strings; sourceTree = "<group>"; };
		DB7AEDCC24463B5700B1C893 /* SafariView.swift */ = {isa = PBXFileReference; lastKnownFileType = sourcecode.swift; path = SafariView.swift; sourceTree = "<group>"; };
/* End PBXFileReference section */

/* Begin PBXFrameworksBuildPhase section */
		DB6F2FD32444411200C605F6 /* Frameworks */ = {
			isa = PBXFrameworksBuildPhase;
			buildActionMask = 2147483647;
			files = (
				DB6F2FF2244441D500C605F6 /* CloudKit.framework in Frameworks */,
			);
			runOnlyForDeploymentPostprocessing = 0;
		};
/* End PBXFrameworksBuildPhase section */

/* Begin PBXGroup section */
		DB6F2FCD2444411200C605F6 = {
			isa = PBXGroup;
			children = (
				DB6F2FD82444411200C605F6 /* SwiftUITutorial */,
				DB6F2FD72444411200C605F6 /* Products */,
				DB6F2FEF2444417200C605F6 /* Frameworks */,
			);
			sourceTree = "<group>";
		};
		DB6F2FD72444411200C605F6 /* Products */ = {
			isa = PBXGroup;
			children = (
				DB6F2FD62444411200C605F6 /* SwiftUITutorial.app */,
			);
			name = Products;
			sourceTree = "<group>";
		};
		DB6F2FD82444411200C605F6 /* SwiftUITutorial */ = {
			isa = PBXGroup;
			children = (
				DB6F2FD92444411200C605F6 /* AppDelegate.swift */,
				DB6F2FE02444411400C605F6 /* Assets.xcassets */,
				DB6F2FF82444DA7A00C605F6 /* CloudKit */,
				DB6F2FE82444411400C605F6 /* Info.plist */,
				DB6F2FFF2444F81900C605F6 /* Localizable.strings */,
				DB6F2FE52444411400C605F6 /* Main.storyboard */,
				DB6F2FF5244442AB00C605F6 /* Model */,
				DB6F2FDB2444411200C605F6 /* SwiftUITutorial.swift */,
				DB6F2FE92444411400C605F6 /* SwiftUITutorial.entitlements */,
				DB6F2FDD2444411200C605F6 /* SwiftUITutorial.xcdatamodeld */,
				DB3317A92445AC8B00CC1C0C /* UserDefaultsPropertyWrapper.swift */,
				DB6F2FFB2444F3FF00C605F6 /* Utilities */,
				DB6F2FE22444411400C605F6 /* Preview Content */,
			);
			path = SwiftUITutorial;
			sourceTree = "<group>";
		};
		DB6F2FE22444411400C605F6 /* Preview Content */ = {
			isa = PBXGroup;
			children = (
				DB6F2FE32444411400C605F6 /* Preview Assets.xcassets */,
			);
			path = "Preview Content";
			sourceTree = "<group>";
		};
		DB6F2FEF2444417200C605F6 /* Frameworks */ = {
			isa = PBXGroup;
			children = (
				DB6F2FF02444417200C605F6 /* CloudKit.framework */,
			);
			name = Frameworks;
			sourceTree = "<group>";
		};
		DB6F2FF5244442AB00C605F6 /* Model */ = {
			isa = PBXGroup;
			children = (
				DB7AEDCC24463B5700B1C893 /* SafariView.swift */,
				DB6F2FF62444431100C605F6 /* Tutorial.swift */,
			);
			path = Model;
			sourceTree = "<group>";
		};
		DB6F2FF82444DA7A00C605F6 /* CloudKit */ = {
			isa = PBXGroup;
			children = (
				DB6F2FF92444DAB600C605F6 /* CloudKitTutorial.swift */,
			);
			path = CloudKit;
			sourceTree = "<group>";
		};
		DB6F2FFB2444F3FF00C605F6 /* Utilities */ = {
			isa = PBXGroup;
			children = (
				DB6F2FFC2444F44000C605F6 /* AlertID.swift */,
			);
			path = Utilities;
			sourceTree = "<group>";
		};
/* End PBXGroup section */

/* Begin PBXNativeTarget section */
		DB6F2FD52444411200C605F6 /* SwiftUITutorial */ = {
			isa = PBXNativeTarget;
			buildConfigurationList = DB6F2FEC2444411400C605F6 /* Build configuration list for PBXNativeTarget "SwiftUITutorial" */;
			buildPhases = (
				DB6F2FD22444411200C605F6 /* Sources */,
				DB6F2FD32444411200C605F6 /* Frameworks */,
				DB6F2FD42444411200C605F6 /* Resources */,
			);
			buildRules = (
			);
			dependencies = (
			);
			name = SwiftUITutorial;
			productName = SwiftUITutorial;
			productReference = DB6F2FD62444411200C605F6 /* SwiftUITutorial.app */;
			productType = "com.apple.product-type.application";
		};
/* End PBXNativeTarget section */

/* Begin PBXProject section */
		DB6F2FCE2444411200C605F6 /* Project object */ = {
			isa = PBXProject;
			attributes = {
				LastSwiftUpdateCheck = 1140;
				LastUpgradeCheck = 1140;
				ORGANIZATIONNAME = "Jan Hovland";
				TargetAttributes = {
					DB6F2FD52444411200C605F6 = {
						CreatedOnToolsVersion = 11.4;
					};
				};
			};
			buildConfigurationList = DB6F2FD12444411200C605F6 /* Build configuration list for PBXProject "SwiftUITutorial" */;
			compatibilityVersion = "Xcode 11.4";
			developmentRegion = en;
			hasScannedForEncodings = 0;
			knownRegions = (
				en,
				Base,
				nb,
			);
			mainGroup = DB6F2FCD2444411200C605F6;
			productRefGroup = DB6F2FD72444411200C605F6 /* Products */;
			projectDirPath = "";
			projectRoot = "";
			targets = (
				DB6F2FD52444411200C605F6 /* SwiftUITutorial */,
			);
		};
/* End PBXProject section */

/* Begin PBXResourcesBuildPhase section */
		DB6F2FD42444411200C605F6 /* Resources */ = {
			isa = PBXResourcesBuildPhase;
			buildActionMask = 2147483647;
			files = (
				DB6F2FE72444411400C605F6 /* Main.storyboard in Resources */,
				DB6F30012444F81900C605F6 /* Localizable.strings in Resources */,
				DB6F2FE42444411400C605F6 /* Preview Assets.xcassets in Resources */,
				DB6F2FE12444411400C605F6 /* Assets.xcassets in Resources */,
			);
			runOnlyForDeploymentPostprocessing = 0;
		};
/* End PBXResourcesBuildPhase section */

/* Begin PBXSourcesBuildPhase section */
		DB6F2FD22444411200C605F6 /* Sources */ = {
			isa = PBXSourcesBuildPhase;
			buildActionMask = 2147483647;
			files = (
				DB6F2FDC2444411200C605F6 /* SwiftUITutorial.swift in Sources */,
				DB6F2FFD2444F44000C605F6 /* AlertID.swift in Sources */,
				DB6F2FFA2444DAB600C605F6 /* CloudKitTutorial.swift in Sources */,
				DB3317AA2445AC8B00CC1C0C /* UserDefaultsPropertyWrapper.swift in Sources */,
				DB7AEDCD24463B5700B1C893 /* SafariView.swift in Sources */,
				DB6F2FF72444431100C605F6 /* Tutorial.swift in Sources */,
				DB6F2FDA2444411200C605F6 /* AppDelegate.swift in Sources */,
				DB6F2FDF2444411200C605F6 /* SwiftUITutorial.xcdatamodeld in Sources */,
			);
			runOnlyForDeploymentPostprocessing = 0;
		};
/* End PBXSourcesBuildPhase section */

/* Begin PBXVariantGroup section */
		DB6F2FE52444411400C605F6 /* Main.storyboard */ = {
			isa = PBXVariantGroup;
			children = (
				DB6F2FE62444411400C605F6 /* Base */,
				DB6F2FFE2444F6A000C605F6 /* nb */,
			);
			name = Main.storyboard;
			sourceTree = "<group>";
		};
		DB6F2FFF2444F81900C605F6 /* Localizable.strings */ = {
			isa = PBXVariantGroup;
			children = (
				DB6F30002444F81900C605F6 /* nb */,
			);
			name = Localizable.strings;
			sourceTree = "<group>";
		};
/* End PBXVariantGroup section */

/* Begin XCBuildConfiguration section */
		DB6F2FEA2444411400C605F6 /* Debug */ = {
			isa = XCBuildConfiguration;
			buildSettings = {
				ALWAYS_SEARCH_USER_PATHS = NO;
				CLANG_ANALYZER_LOCALIZABILITY_NONLOCALIZED = YES;
				CLANG_ANALYZER_NONNULL = YES;
				CLANG_ANALYZER_NUMBER_OBJECT_CONVERSION = YES_AGGRESSIVE;
				CLANG_CXX_LANGUAGE_STANDARD = "gnu++14";
				CLANG_CXX_LIBRARY = "libc++";
				CLANG_ENABLE_MODULES = YES;
				CLANG_ENABLE_OBJC_ARC = YES;
				CLANG_ENABLE_OBJC_WEAK = YES;
				CLANG_WARN_BLOCK_CAPTURE_AUTORELEASING = YES;
				CLANG_WARN_BOOL_CONVERSION = YES;
				CLANG_WARN_COMMA = YES;
				CLANG_WARN_CONSTANT_CONVERSION = YES;
				CLANG_WARN_DEPRECATED_OBJC_IMPLEMENTATIONS = YES;
				CLANG_WARN_DIRECT_OBJC_ISA_USAGE = YES_ERROR;
				CLANG_WARN_DOCUMENTATION_COMMENTS = YES;
				CLANG_WARN_EMPTY_BODY = YES;
				CLANG_WARN_ENUM_CONVERSION = YES;
				CLANG_WARN_INFINITE_RECURSION = YES;
				CLANG_WARN_INT_CONVERSION = YES;
				CLANG_WARN_NON_LITERAL_NULL_CONVERSION = YES;
				CLANG_WARN_OBJC_IMPLICIT_RETAIN_SELF = YES;
				CLANG_WARN_OBJC_LITERAL_CONVERSION = YES;
				CLANG_WARN_OBJC_ROOT_CLASS = YES_ERROR;
				CLANG_WARN_RANGE_LOOP_ANALYSIS = YES;
				CLANG_WARN_STRICT_PROTOTYPES = YES;
				CLANG_WARN_SUSPICIOUS_MOVE = YES;
				CLANG_WARN_UNGUARDED_AVAILABILITY = YES_AGGRESSIVE;
				CLANG_WARN_UNREACHABLE_CODE = YES;
				CLANG_WARN__DUPLICATE_METHOD_MATCH = YES;
				COPY_PHASE_STRIP = NO;
				DEBUG_INFORMATION_FORMAT = dwarf;
				ENABLE_STRICT_OBJC_MSGSEND = YES;
				ENABLE_TESTABILITY = YES;
				GCC_C_LANGUAGE_STANDARD = gnu11;
				GCC_DYNAMIC_NO_PIC = NO;
				GCC_NO_COMMON_BLOCKS = YES;
				GCC_OPTIMIZATION_LEVEL = 0;
				GCC_PREPROCESSOR_DEFINITIONS = (
					"DEBUG=1",
					"$(inherited)",
				);
				GCC_WARN_64_TO_32_BIT_CONVERSION = YES;
				GCC_WARN_ABOUT_RETURN_TYPE = YES_ERROR;
				GCC_WARN_UNDECLARED_SELECTOR = YES;
				GCC_WARN_UNINITIALIZED_AUTOS = YES_AGGRESSIVE;
				GCC_WARN_UNUSED_FUNCTION = YES;
				GCC_WARN_UNUSED_VARIABLE = YES;
				MACOSX_DEPLOYMENT_TARGET = 10.15;
				MTL_ENABLE_DEBUG_INFO = INCLUDE_SOURCE;
				MTL_FAST_MATH = YES;
				ONLY_ACTIVE_ARCH = YES;
				SDKROOT = macosx;
				SWIFT_ACTIVE_COMPILATION_CONDITIONS = DEBUG;
				SWIFT_OPTIMIZATION_LEVEL = "-Onone";
			};
			name = Debug;
		};
		DB6F2FEB2444411400C605F6 /* Release */ = {
			isa = XCBuildConfiguration;
			buildSettings = {
				ALWAYS_SEARCH_USER_PATHS = NO;
				CLANG_ANALYZER_LOCALIZABILITY_NONLOCALIZED = YES;
				CLANG_ANALYZER_NONNULL = YES;
				CLANG_ANALYZER_NUMBER_OBJECT_CONVERSION = YES_AGGRESSIVE;
				CLANG_CXX_LANGUAGE_STANDARD = "gnu++14";
				CLANG_CXX_LIBRARY = "libc++";
				CLANG_ENABLE_MODULES = YES;
				CLANG_ENABLE_OBJC_ARC = YES;
				CLANG_ENABLE_OBJC_WEAK = YES;
				CLANG_WARN_BLOCK_CAPTURE_AUTORELEASING = YES;
				CLANG_WARN_BOOL_CONVERSION = YES;
				CLANG_WARN_COMMA = YES;
				CLANG_WARN_CONSTANT_CONVERSION = YES;
				CLANG_WARN_DEPRECATED_OBJC_IMPLEMENTATIONS = YES;
				CLANG_WARN_DIRECT_OBJC_ISA_USAGE = YES_ERROR;
				CLANG_WARN_DOCUMENTATION_COMMENTS = YES;
				CLANG_WARN_EMPTY_BODY = YES;
				CLANG_WARN_ENUM_CONVERSION = YES;
				CLANG_WARN_INFINITE_RECURSION = YES;
				CLANG_WARN_INT_CONVERSION = YES;
				CLANG_WARN_NON_LITERAL_NULL_CONVERSION = YES;
				CLANG_WARN_OBJC_IMPLICIT_RETAIN_SELF = YES;
				CLANG_WARN_OBJC_LITERAL_CONVERSION = YES;
				CLANG_WARN_OBJC_ROOT_CLASS = YES_ERROR;
				CLANG_WARN_RANGE_LOOP_ANALYSIS = YES;
				CLANG_WARN_STRICT_PROTOTYPES = YES;
				CLANG_WARN_SUSPICIOUS_MOVE = YES;
				CLANG_WARN_UNGUARDED_AVAILABILITY = YES_AGGRESSIVE;
				CLANG_WARN_UNREACHABLE_CODE = YES;
				CLANG_WARN__DUPLICATE_METHOD_MATCH = YES;
				COPY_PHASE_STRIP = NO;
				DEBUG_INFORMATION_FORMAT = "dwarf-with-dsym";
				ENABLE_NS_ASSERTIONS = NO;
				ENABLE_STRICT_OBJC_MSGSEND = YES;
				GCC_C_LANGUAGE_STANDARD = gnu11;
				GCC_NO_COMMON_BLOCKS = YES;
				GCC_WARN_64_TO_32_BIT_CONVERSION = YES;
				GCC_WARN_ABOUT_RETURN_TYPE = YES_ERROR;
				GCC_WARN_UNDECLARED_SELECTOR = YES;
				GCC_WARN_UNINITIALIZED_AUTOS = YES_AGGRESSIVE;
				GCC_WARN_UNUSED_FUNCTION = YES;
				GCC_WARN_UNUSED_VARIABLE = YES;
				MACOSX_DEPLOYMENT_TARGET = 10.15;
				MTL_ENABLE_DEBUG_INFO = NO;
				MTL_FAST_MATH = YES;
				SDKROOT = macosx;
				SWIFT_COMPILATION_MODE = wholemodule;
				SWIFT_OPTIMIZATION_LEVEL = "-O";
			};
			name = Release;
		};
		DB6F2FED2444411400C605F6 /* Debug */ = {
			isa = XCBuildConfiguration;
			buildSettings = {
				ASSETCATALOG_COMPILER_APPICON_NAME = AppIcon;
				CODE_SIGN_ENTITLEMENTS = SwiftUITutorial/SwiftUITutorial.entitlements;
				CODE_SIGN_STYLE = Automatic;
				COMBINE_HIDPI_IMAGES = YES;
				DEVELOPMENT_ASSET_PATHS = "\"SwiftUITutorial/Preview Content\"";
				DEVELOPMENT_TEAM = 6UR9TA6744;
				ENABLE_HARDENED_RUNTIME = YES;
				ENABLE_PREVIEWS = YES;
				INFOPLIST_FILE = SwiftUITutorial/Info.plist;
				LD_RUNPATH_SEARCH_PATHS = (
					"$(inherited)",
					"@executable_path/../Frameworks",
				);
				MACOSX_DEPLOYMENT_TARGET = 10.15;
				PRODUCT_BUNDLE_IDENTIFIER = com.janhovland.SwiftUITutorial;
				PRODUCT_NAME = "$(TARGET_NAME)";
				SWIFT_VERSION = 5.0;
			};
			name = Debug;
		};
		DB6F2FEE2444411400C605F6 /* Release */ = {
			isa = XCBuildConfiguration;
			buildSettings = {
				ASSETCATALOG_COMPILER_APPICON_NAME = AppIcon;
				CODE_SIGN_ENTITLEMENTS = SwiftUITutorial/SwiftUITutorial.entitlements;
				CODE_SIGN_STYLE = Automatic;
				COMBINE_HIDPI_IMAGES = YES;
				DEVELOPMENT_ASSET_PATHS = "\"SwiftUITutorial/Preview Content\"";
				DEVELOPMENT_TEAM = 6UR9TA6744;
				ENABLE_HARDENED_RUNTIME = YES;
				ENABLE_PREVIEWS = YES;
				INFOPLIST_FILE = SwiftUITutorial/Info.plist;
				LD_RUNPATH_SEARCH_PATHS = (
					"$(inherited)",
					"@executable_path/../Frameworks",
				);
				MACOSX_DEPLOYMENT_TARGET = 10.15;
				PRODUCT_BUNDLE_IDENTIFIER = com.janhovland.SwiftUITutorial;
				PRODUCT_NAME = "$(TARGET_NAME)";
				SWIFT_VERSION = 5.0;
			};
			name = Release;
		};
/* End XCBuildConfiguration section */

/* Begin XCConfigurationList section */
		DB6F2FD12444411200C605F6 /* Build configuration list for PBXProject "SwiftUITutorial" */ = {
			isa = XCConfigurationList;
			buildConfigurations = (
				DB6F2FEA2444411400C605F6 /* Debug */,
				DB6F2FEB2444411400C605F6 /* Release */,
			);
			defaultConfigurationIsVisible = 0;
			defaultConfigurationName = Release;
		};
		DB6F2FEC2444411400C605F6 /* Build configuration list for PBXNativeTarget "SwiftUITutorial" */ = {
			isa = XCConfigurationList;
			buildConfigurations = (
				DB6F2FED2444411400C605F6 /* Debug */,
				DB6F2FEE2444411400C605F6 /* Release */,
			);
			defaultConfigurationIsVisible = 0;
			defaultConfigurationName = Release;
		};
/* End XCConfigurationList section */

/* Begin XCVersionGroup section */
		DB6F2FDD2444411200C605F6 /* SwiftUITutorial.xcdatamodeld */ = {
			isa = XCVersionGroup;
			children = (
				DB6F2FDE2444411200C605F6 /* SwiftUITutorial.xcdatamodel */,
			);
			currentVersion = DB6F2FDE2444411200C605F6 /* SwiftUITutorial.xcdatamodel */;
			path = SwiftUITutorial.xcdatamodeld;
			sourceTree = "<group>";
			versionGroupType = wrapper.xcdatamodel;
		};
/* End XCVersionGroup section */
	};
	rootObject = DB6F2FCE2444411200C605F6 /* Project object */;
}
